
Microsoft Visual Studio Solution File, Format Version 12.00
# Visual Studio Version 17
VisualStudioVersion = 17.8.34309.116
MinimumVisualStudioVersion = 10.0.40219.1
Project("{FAE04EC0-301F-11D3-BF4B-00C04F79EFBC}") = "BulkyWeb", "BulkyWeb\BulkyWeb.csproj", "{550094E2-6CE3-4142-97E5-3DCA8475F0B1}"
EndProject
Global
	GlobalSection(SolutionConfigurationPlatforms) = preSolution
		Debug|Any CPU = Debug|Any CPU
		Release|Any CPU = Release|Any CPU
	EndGlobalSection
	GlobalSection(ProjectConfigurationPlatforms) = postSolution
		{550094E2-6CE3-4142-97E5-3DCA8475F0B1}.Debug|Any CPU.ActiveCfg = Debug|Any CPU
		{550094E2-6CE3-4142-97E5-3DCA8475F0B1}.Debug|Any CPU.Build.0 = Debug|Any CPU
		{550094E2-6CE3-4142-97E5-3DCA8475F0B1}.Release|Any CPU.ActiveCfg = Release|Any CPU
		{550094E2-6CE3-4142-97E5-3DCA8475F0B1}.Release|Any CPU.Build.0 = Release|Any CPU
	EndGlobalSection
	GlobalSection(SolutionProperties) = preSolution
		HideSolutionNode = FALSE
	EndGlobalSection
	GlobalSection(ExtensibilityGlobals) = postSolution
		SolutionGuid = {FDEE3A5B-CC25-43B6-818D-5B86C10F5B00}
	EndGlobalSection
EndGlobal
